
Microsoft Visual Studio Solution File, Format Version 12.00
# Visual Studio Version 16
VisualStudioVersion = 16.0.28803.452
MinimumVisualStudioVersion = 10.0.40219.1
Project("{FAE04EC0-301F-11D3-BF4B-00C04F79EFBC}") = "FirstTestCase", "FirstTestCase\FirstTestCase.csproj", "{2DFD17A6-3D84-49E8-AE97-12C4CD12366F}"
EndProject
Global
	GlobalSection(SolutionConfigurationPlatforms) = preSolution
		Debug|Any CPU = Debug|Any CPU
		Release|Any CPU = Release|Any CPU
	EndGlobalSection
	GlobalSection(ProjectConfigurationPlatforms) = postSolution
		{2DFD17A6-3D84-49E8-AE97-12C4CD12366F}.Debug|Any CPU.ActiveCfg = Debug|Any CPU
		{2DFD17A6-3D84-49E8-AE97-12C4CD12366F}.Debug|Any CPU.Build.0 = Debug|Any CPU
		{2DFD17A6-3D84-49E8-AE97-12C4CD12366F}.Release|Any CPU.ActiveCfg = Release|Any CPU
		{2DFD17A6-3D84-49E8-AE97-12C4CD12366F}.Release|Any CPU.Build.0 = Release|Any CPU
	EndGlobalSection
	GlobalSection(SolutionProperties) = preSolution
		HideSolutionNode = FALSE
	EndGlobalSection
	GlobalSection(ExtensibilityGlobals) = postSolution
		SolutionGuid = {4731296D-8675-49EA-A97E-C49EFCABE194}
	EndGlobalSection
EndGlobal
